PODS:
  - JVTransitionAnimator (1.0)

DEPENDENCIES:
  - JVTransitionAnimator (from `../`)

EXTERNAL SOURCES:
  JVTransitionAnimator:
    :path: "../"

SPEC CHECKSUMS:
  JVTransitionAnimator: 034e4192cdb0ddd3d906c3666f1d874e6ece73c3

PODFILE CHECKSUM: e12767785cd039f59cd9a942c7620084d2922f27

COCOAPODS: 1.7.5
