// !$*UTF8*$!
{
	archiveVersion = 1;
	classes = {
	};
	objectVersion = 46;
	objects = {

/* Begin PBXBuildFile section */
		3C128BAD1AE6019A001B0B0F /* JVSecondViewController.m in Sources */ = {isa = PBXBuildFile; fileRef = 3C128BAC1AE6019A001B0B0F /* JVSecondViewController.m */; };
		3C128BB01AE601C4001B0B0F /* JVAppHelper.m in Sources */ = {isa = PBXBuildFile; fileRef = 3C128BAF1AE601C4001B0B0F /* JVAppHelper.m */; };
		3C7685991AE970F200448604 /* JVTransitionAnimator.podspec in Resources */ = {isa = PBXBuildFile; fileRef = 3C7685981AE970F200448604 /* JVTransitionAnimator.podspec */; };
		3CC6A6DC1AE8A2900011CDD2 /* JVTouchEventsWindow.m in Sources */ = {isa = PBXBuildFile; fileRef = 3CC6A6D71AE8A2900011CDD2 /* JVTouchEventsWindow.m */; };
		3CC6A6DD1AE8A2900011CDD2 /* JVTouchHelper.m in Sources */ = {isa = PBXBuildFile; fileRef = 3CC6A6D91AE8A2900011CDD2 /* JVTouchHelper.m */; };
		3CC6A6DE1AE8A2900011CDD2 /* JVTouchImageViewQueue.m in Sources */ = {isa = PBXBuildFile; fileRef = 3CC6A6DB1AE8A2900011CDD2 /* JVTouchImageViewQueue.m */; };
		3CC6A6E11AE8A2C50011CDD2 /* JVTouchImage.png in Resources */ = {isa = PBXBuildFile; fileRef = 3CC6A6DF1AE8A2C50011CDD2 /* JVTouchImage.png */; };
		3CC6A6E21AE8A2C50011CDD2 /* JVTouchImage@2x.png in Resources */ = {isa = PBXBuildFile; fileRef = 3CC6A6E01AE8A2C50011CDD2 /* JVTouchImage@2x.png */; };
		3CED99E91AE7E7C300EFD8F5 /* Images in Resources */ = {isa = PBXBuildFile; fileRef = 3CED99E81AE7E7C300EFD8F5 /* Images */; };
		6003F58E195388D20070C39A /* Foundation.framework in Frameworks */ = {isa = PBXBuildFile; fileRef = 6003F58D195388D20070C39A /* Foundation.framework */; };
		6003F590195388D20070C39A /* CoreGraphics.framework in Frameworks */ = {isa = PBXBuildFile; fileRef = 6003F58F195388D20070C39A /* CoreGraphics.framework */; };
		6003F592195388D20070C39A /* UIKit.framework in Frameworks */ = {isa = PBXBuildFile; fileRef = 6003F591195388D20070C39A /* UIKit.framework */; };
		6003F598195388D20070C39A /* InfoPlist.strings in Resources */ = {isa = PBXBuildFile; fileRef = 6003F596195388D20070C39A /* InfoPlist.strings */; };
		6003F59A195388D20070C39A /* main.m in Sources */ = {isa = PBXBuildFile; fileRef = 6003F599195388D20070C39A /* main.m */; };
		6003F59E195388D20070C39A /* JVAppDelegate.m in Sources */ = {isa = PBXBuildFile; fileRef = 6003F59D195388D20070C39A /* JVAppDelegate.m */; };
		6003F5A1195388D20070C39A /* Main_iPhone.storyboard in Resources */ = {isa = PBXBuildFile; fileRef = 6003F59F195388D20070C39A /* Main_iPhone.storyboard */; };
		6003F5A4195388D20070C39A /* Main_iPad.storyboard in Resources */ = {isa = PBXBuildFile; fileRef = 6003F5A2195388D20070C39A /* Main_iPad.storyboard */; };
		6003F5A7195388D20070C39A /* JVViewController.m in Sources */ = {isa = PBXBuildFile; fileRef = 6003F5A6195388D20070C39A /* JVViewController.m */; };
		6003F5A9195388D20070C39A /* Images.xcassets in Resources */ = {isa = PBXBuildFile; fileRef = 6003F5A8195388D20070C39A /* Images.xcassets */; };
		6003F5B0195388D20070C39A /* XCTest.framework in Frameworks */ = {isa = PBXBuildFile; fileRef = 6003F5AF195388D20070C39A /* XCTest.framework */; };
		6003F5B1195388D20070C39A /* Foundation.framework in Frameworks */ = {isa = PBXBuildFile; fileRef = 6003F58D195388D20070C39A /* Foundation.framework */; };
		6003F5B2195388D20070C39A /* UIKit.framework in Frameworks */ = {isa = PBXBuildFile; fileRef = 6003F591195388D20070C39A /* UIKit.framework */; };
		6003F5BA195388D20070C39A /* InfoPlist.strings in Resources */ = {isa = PBXBuildFile; fileRef = 6003F5B8195388D20070C39A /* InfoPlist.strings */; };
		6003F5BC195388D20070C39A /* Tests.m in Sources */ = {isa = PBXBuildFile; fileRef = 6003F5BB195388D20070C39A /* Tests.m */; };
		ACFC3DF1578558B4BA758CE2 /* libPods-JVTransitionAnimator.a in Frameworks */ = {isa = PBXBuildFile; fileRef = B201D0198A5E9B8A847385EB /* libPods-JVTransitionAnimator.a */; };
		BD46A101718EFF8AF3667D54 /* libPods-Tests.a in Frameworks */ = {isa = PBXBuildFile; fileRef = 843BCC20D5D670BD9A3B5AFC /* libPods-Tests.a */; };
/* End PBXBuildFile section */

/* Begin PBXContainerItemProxy section */
		6003F5B3195388D20070C39A /* PBXContainerItemProxy */ = {
			isa = PBXContainerItemProxy;
			containerPortal = 6003F582195388D10070C39A /* Project object */;
			proxyType = 1;
			remoteGlobalIDString = 6003F589195388D20070C39A;
			remoteInfo = JVTransitionAnimtor;
		};
/* End PBXContainerItemProxy section */

/* Begin PBXFileReference section */
		392DC3D9B548EA0914BC21A4 /* Pods-JVTransitionAnimtor.release.xcconfig */ = {isa = PBXFileReference; includeInIndex = 1; lastKnownFileType = text.xcconfig; name = "Pods-JVTransitionAnimtor.release.xcconfig"; path = "Pods/Target Support Files/Pods-JVTransitionAnimtor/Pods-JVTransitionAnimtor.release.xcconfig"; sourceTree = "<group>"; };
		3C128BAB1AE6019A001B0B0F /* JVSecondViewController.h */ = {isa = PBXFileReference; fileEncoding = 4; lastKnownFileType = sourcecode.c.h; path = JVSecondViewController.h; sourceTree = "<group>"; };
		3C128BAC1AE6019A001B0B0F /* JVSecondViewController.m */ = {isa = PBXFileReference; fileEncoding = 4; lastKnownFileType = sourcecode.c.objc; path = JVSecondViewController.m; sourceTree = "<group>"; };
		3C128BAE1AE601C4001B0B0F /* JVAppHelper.h */ = {isa = PBXFileReference; fileEncoding = 4; lastKnownFileType = sourcecode.c.h; path = JVAppHelper.h; sourceTree = "<group>"; };
		3C128BAF1AE601C4001B0B0F /* JVAppHelper.m */ = {isa = PBXFileReference; fileEncoding = 4; lastKnownFileType = sourcecode.c.objc; path = JVAppHelper.m; sourceTree = "<group>"; };
		3C7685981AE970F200448604 /* JVTransitionAnimator.podspec */ = {isa = PBXFileReference; fileEncoding = 4; lastKnownFileType = text; path = JVTransitionAnimator.podspec; sourceTree = "<group>"; };
		3C988A311AE97FB400AD1A25 /* Base */ = {isa = PBXFileReference; lastKnownFileType = text.plist.strings; name = Base; path = Base.lproj/InfoPlist.strings; sourceTree = "<group>"; };
		3C988A351AE98A7600AD1A25 /* libPods-JVTransitionAnimator-JVTransitionAnimator.a */ = {isa = PBXFileReference; lastKnownFileType = archive.ar; name = "libPods-JVTransitionAnimator-JVTransitionAnimator.a"; path = "Pods/../build/Debug-iphoneos/libPods-JVTransitionAnimator-JVTransitionAnimator.a"; sourceTree = "<group>"; };
		3C988A371AE98BE400AD1A25 /* Pod */ = {isa = PBXFileReference; lastKnownFileType = folder; name = Pod; path = ../Pod; sourceTree = "<group>"; };
		3CC6A6D61AE8A2900011CDD2 /* JVTouchEventsWindow.h */ = {isa = PBXFileReference; fileEncoding = 4; lastKnownFileType = sourcecode.c.h; path = JVTouchEventsWindow.h; sourceTree = "<group>"; };
		3CC6A6D71AE8A2900011CDD2 /* JVTouchEventsWindow.m */ = {isa = PBXFileReference; fileEncoding = 4; lastKnownFileType = sourcecode.c.objc; path = JVTouchEventsWindow.m; sourceTree = "<group>"; };
		3CC6A6D81AE8A2900011CDD2 /* JVTouchHelper.h */ = {isa = PBXFileReference; fileEncoding = 4; lastKnownFileType = sourcecode.c.h; path = JVTouchHelper.h; sourceTree = "<group>"; };
		3CC6A6D91AE8A2900011CDD2 /* JVTouchHelper.m */ = {isa = PBXFileReference; fileEncoding = 4; lastKnownFileType = sourcecode.c.objc; path = JVTouchHelper.m; sourceTree = "<group>"; };
		3CC6A6DA1AE8A2900011CDD2 /* JVTouchImageViewQueue.h */ = {isa = PBXFileReference; fileEncoding = 4; lastKnownFileType = sourcecode.c.h; path = JVTouchImageViewQueue.h; sourceTree = "<group>"; };
		3CC6A6DB1AE8A2900011CDD2 /* JVTouchImageViewQueue.m */ = {isa = PBXFileReference; fileEncoding = 4; lastKnownFileType = sourcecode.c.objc; path = JVTouchImageViewQueue.m; sourceTree = "<group>"; };
		3CC6A6DF1AE8A2C50011CDD2 /* JVTouchImage.png */ = {isa = PBXFileReference; lastKnownFileType = image.png; path = JVTouchImage.png; sourceTree = "<group>"; };
		3CC6A6E01AE8A2C50011CDD2 /* JVTouchImage@2x.png */ = {isa = PBXFileReference; lastKnownFileType = image.png; path = "JVTouchImage@2x.png"; sourceTree = "<group>"; };
		3CED99E81AE7E7C300EFD8F5 /* Images */ = {isa = PBXFileReference; lastKnownFileType = folder; path = Images; sourceTree = "<group>"; };
		5E6AD8F309A117E84A027E58 /* README.md */ = {isa = PBXFileReference; includeInIndex = 1; lastKnownFileType = net.daringfireball.markdown; name = README.md; path = ../README.md; sourceTree = "<group>"; };
		6003F58A195388D20070C39A /* JVTransitionAnimator.app */ = {isa = PBXFileReference; explicitFileType = wrapper.application; includeInIndex = 0; path = JVTransitionAnimator.app; sourceTree = BUILT_PRODUCTS_DIR; };
		6003F58D195388D20070C39A /* Foundation.framework */ = {isa = PBXFileReference; lastKnownFileType = wrapper.framework; name = Foundation.framework; path = System/Library/Frameworks/Foundation.framework; sourceTree = SDKROOT; };
		6003F58F195388D20070C39A /* CoreGraphics.framework */ = {isa = PBXFileReference; lastKnownFileType = wrapper.framework; name = CoreGraphics.framework; path = System/Library/Frameworks/CoreGraphics.framework; sourceTree = SDKROOT; };
		6003F591195388D20070C39A /* UIKit.framework */ = {isa = PBXFileReference; lastKnownFileType = wrapper.framework; name = UIKit.framework; path = System/Library/Frameworks/UIKit.framework; sourceTree = SDKROOT; };
		6003F595195388D20070C39A /* JVTransitionAnimator-Info.plist */ = {isa = PBXFileReference; lastKnownFileType = text.plist.xml; path = "JVTransitionAnimator-Info.plist"; sourceTree = "<group>"; };
		6003F597195388D20070C39A /* en */ = {isa = PBXFileReference; lastKnownFileType = text.plist.strings; name = en; path = en.lproj/InfoPlist.strings; sourceTree = "<group>"; };
		6003F599195388D20070C39A /* main.m */ = {isa = PBXFileReference; lastKnownFileType = sourcecode.c.objc; path = main.m; sourceTree = "<group>"; };
		6003F59B195388D20070C39A /* JVTransitionAnimator-Prefix.pch */ = {isa = PBXFileReference; lastKnownFileType = sourcecode.c.h; path = "JVTransitionAnimator-Prefix.pch"; sourceTree = "<group>"; };
		6003F59C195388D20070C39A /* JVAppDelegate.h */ = {isa = PBXFileReference; lastKnownFileType = sourcecode.c.h; path = JVAppDelegate.h; sourceTree = "<group>"; };
		6003F59D195388D20070C39A /* JVAppDelegate.m */ = {isa = PBXFileReference; lastKnownFileType = sourcecode.c.objc; path = JVAppDelegate.m; sourceTree = "<group>"; };
		6003F5A0195388D20070C39A /* Base */ = {isa = PBXFileReference; lastKnownFileType = file.storyboard; name = Base; path = Base.lproj/Main_iPhone.storyboard; sourceTree = "<group>"; };
		6003F5A3195388D20070C39A /* Base */ = {isa = PBXFileReference; lastKnownFileType = file.storyboard; name = Base; path = Base.lproj/Main_iPad.storyboard; sourceTree = "<group>"; };
		6003F5A5195388D20070C39A /* JVViewController.h */ = {isa = PBXFileReference; lastKnownFileType = sourcecode.c.h; path = JVViewController.h; sourceTree = "<group>"; };
		6003F5A6195388D20070C39A /* JVViewController.m */ = {isa = PBXFileReference; lastKnownFileType = sourcecode.c.objc; path = JVViewController.m; sourceTree = "<group>"; };
		6003F5A8195388D20070C39A /* Images.xcassets */ = {isa = PBXFileReference; lastKnownFileType = folder.assetcatalog; path = Images.xcassets; sourceTree = "<group>"; };
		6003F5AE195388D20070C39A /* Tests.xctest */ = {isa = PBXFileReference; explicitFileType = wrapper.cfbundle; includeInIndex = 0; path = Tests.xctest; sourceTree = BUILT_PRODUCTS_DIR; };
		6003F5AF195388D20070C39A /* XCTest.framework */ = {isa = PBXFileReference; lastKnownFileType = wrapper.framework; name = XCTest.framework; path = Library/Frameworks/XCTest.framework; sourceTree = DEVELOPER_DIR; };
		6003F5B7195388D20070C39A /* Tests-Info.plist */ = {isa = PBXFileReference; lastKnownFileType = text.plist.xml; path = "Tests-Info.plist"; sourceTree = "<group>"; };
		6003F5B9195388D20070C39A /* en */ = {isa = PBXFileReference; lastKnownFileType = text.plist.strings; name = en; path = en.lproj/InfoPlist.strings; sourceTree = "<group>"; };
		6003F5BB195388D20070C39A /* Tests.m */ = {isa = PBXFileReference; lastKnownFileType = sourcecode.c.objc; path = Tests.m; sourceTree = "<group>"; };
		606FC2411953D9B200FFA9A0 /* Tests-Prefix.pch */ = {isa = PBXFileReference; lastKnownFileType = sourcecode.c.h; path = "Tests-Prefix.pch"; sourceTree = "<group>"; };
		6D9BA7B951CBED822750EDFB /* Pods-JVTransitionAnimator.debug.xcconfig */ = {isa = PBXFileReference; includeInIndex = 1; lastKnownFileType = text.xcconfig; name = "Pods-JVTransitionAnimator.debug.xcconfig"; path = "Pods/Target Support Files/Pods-JVTransitionAnimator/Pods-JVTransitionAnimator.debug.xcconfig"; sourceTree = "<group>"; };
		6E3733921322EDC9DC26FA4C /* Pods-Tests.release.xcconfig */ = {isa = PBXFileReference; includeInIndex = 1; lastKnownFileType = text.xcconfig; name = "Pods-Tests.release.xcconfig"; path = "Pods/Target Support Files/Pods-Tests/Pods-Tests.release.xcconfig"; sourceTree = "<group>"; };
		843BCC20D5D670BD9A3B5AFC /* libPods-Tests.a */ = {isa = PBXFileReference; explicitFileType = archive.ar; includeInIndex = 0; path = "libPods-Tests.a"; sourceTree = BUILT_PRODUCTS_DIR; };
		8CE67E09D9219B77E4374E0C /* LICENSE */ = {isa = PBXFileReference; includeInIndex = 1; lastKnownFileType = text; name = LICENSE; path = ../LICENSE; sourceTree = "<group>"; };
		99D87C4CD7882D12A10AE500 /* Pods-JVTransitionAnimtor.debug.xcconfig */ = {isa = PBXFileReference; includeInIndex = 1; lastKnownFileType = text.xcconfig; name = "Pods-JVTransitionAnimtor.debug.xcconfig"; path = "Pods/Target Support Files/Pods-JVTransitionAnimtor/Pods-JVTransitionAnimtor.debug.xcconfig"; sourceTree = "<group>"; };
		B201D0198A5E9B8A847385EB /* libPods-JVTransitionAnimator.a */ = {isa = PBXFileReference; explicitFileType = archive.ar; includeInIndex = 0; path = "libPods-JVTransitionAnimator.a"; sourceTree = BUILT_PRODUCTS_DIR; };
		C016BAD63C4859B98773C3A1 /* libPods-JVTransitionAnimtor.a */ = {isa = PBXFileReference; explicitFileType = archive.ar; includeInIndex = 0; path = "libPods-JVTransitionAnimtor.a"; sourceTree = BUILT_PRODUCTS_DIR; };
		CA9C9C88E666E0B6872CE0FB /* Pods-Tests.debug.xcconfig */ = {isa = PBXFileReference; includeInIndex = 1; lastKnownFileType = text.xcconfig; name = "Pods-Tests.debug.xcconfig"; path = "Pods/Target Support Files/Pods-Tests/Pods-Tests.debug.xcconfig"; sourceTree = "<group>"; };
		EFD922A93BB1565C125526EF /* Pods-JVTransitionAnimator.release.xcconfig */ = {isa = PBXFileReference; includeInIndex = 1; lastKnownFileType = text.xcconfig; name = "Pods-JVTransitionAnimator.release.xcconfig"; path = "Pods/Target Support Files/Pods-JVTransitionAnimator/Pods-JVTransitionAnimator.release.xcconfig"; sourceTree = "<group>"; };
/* End PBXFileReference section */

/* Begin PBXFrameworksBuildPhase section */
		6003F587195388D20070C39A /* Frameworks */ = {
			isa = PBXFrameworksBuildPhase;
			buildActionMask = 2147483647;
			files = (
				6003F590195388D20070C39A /* CoreGraphics.framework in Frameworks */,
				6003F592195388D20070C39A /* UIKit.framework in Frameworks */,
				6003F58E195388D20070C39A /* Foundation.framework in Frameworks */,
				ACFC3DF1578558B4BA758CE2 /* libPods-JVTransitionAnimator.a in Frameworks */,
			);
			runOnlyForDeploymentPostprocessing = 0;
		};
		6003F5AB195388D20070C39A /* Frameworks */ = {
			isa = PBXFrameworksBuildPhase;
			buildActionMask = 2147483647;
			files = (
				6003F5B0195388D20070C39A /* XCTest.framework in Frameworks */,
				6003F5B2195388D20070C39A /* UIKit.framework in Frameworks */,
				6003F5B1195388D20070C39A /* Foundation.framework in Frameworks */,
				BD46A101718EFF8AF3667D54 /* libPods-Tests.a in Frameworks */,
			);
			runOnlyForDeploymentPostprocessing = 0;
		};
/* End PBXFrameworksBuildPhase section */

/* Begin PBXGroup section */
		3CC6A6D51AE8A25F0011CDD2 /* JVTouchEventsWindow */ = {
			isa = PBXGroup;
			children = (
				3CC6A6DF1AE8A2C50011CDD2 /* JVTouchImage.png */,
				3CC6A6E01AE8A2C50011CDD2 /* JVTouchImage@2x.png */,
				3CC6A6D61AE8A2900011CDD2 /* JVTouchEventsWindow.h */,
				3CC6A6D71AE8A2900011CDD2 /* JVTouchEventsWindow.m */,
				3CC6A6D81AE8A2900011CDD2 /* JVTouchHelper.h */,
				3CC6A6D91AE8A2900011CDD2 /* JVTouchHelper.m */,
				3CC6A6DA1AE8A2900011CDD2 /* JVTouchImageViewQueue.h */,
				3CC6A6DB1AE8A2900011CDD2 /* JVTouchImageViewQueue.m */,
			);
			name = JVTouchEventsWindow;
			sourceTree = "<group>";
		};
		3CFB23BB1B05940B00B5533C /* ViewControllers */ = {
			isa = PBXGroup;
			children = (
				6003F5A5195388D20070C39A /* JVViewController.h */,
				6003F5A6195388D20070C39A /* JVViewController.m */,
				3C128BAB1AE6019A001B0B0F /* JVSecondViewController.h */,
				3C128BAC1AE6019A001B0B0F /* JVSecondViewController.m */,
			);
			name = ViewControllers;
			sourceTree = "<group>";
		};
		3CFB23BC1B05943100B5533C /* Helper */ = {
			isa = PBXGroup;
			children = (
				3C128BAE1AE601C4001B0B0F /* JVAppHelper.h */,
				3C128BAF1AE601C4001B0B0F /* JVAppHelper.m */,
			);
			name = Helper;
			sourceTree = "<group>";
		};
		6003F581195388D10070C39A = {
			isa = PBXGroup;
			children = (
				60FF7A9C1954A5C5007DD14C /* Podspec Metadata */,
				6003F593195388D20070C39A /* JVTransitionAnimator */,
				6003F5B5195388D20070C39A /* Tests */,
				6003F58C195388D20070C39A /* Frameworks */,
				6003F58B195388D20070C39A /* Products */,
				C135BE412D3BFC48EDE29650 /* Pods */,
			);
			sourceTree = "<group>";
		};
		6003F58B195388D20070C39A /* Products */ = {
			isa = PBXGroup;
			children = (
				6003F58A195388D20070C39A /* JVTransitionAnimator.app */,
				6003F5AE195388D20070C39A /* Tests.xctest */,
			);
			name = Products;
			sourceTree = "<group>";
		};
		6003F58C195388D20070C39A /* Frameworks */ = {
			isa = PBXGroup;
			children = (
				3C988A371AE98BE400AD1A25 /* Pod */,
				3C988A351AE98A7600AD1A25 /* libPods-JVTransitionAnimator-JVTransitionAnimator.a */,
				6003F58D195388D20070C39A /* Foundation.framework */,
				6003F58F195388D20070C39A /* CoreGraphics.framework */,
				6003F591195388D20070C39A /* UIKit.framework */,
				6003F5AF195388D20070C39A /* XCTest.framework */,
				C016BAD63C4859B98773C3A1 /* libPods-JVTransitionAnimtor.a */,
				843BCC20D5D670BD9A3B5AFC /* libPods-Tests.a */,
				B201D0198A5E9B8A847385EB /* libPods-JVTransitionAnimator.a */,
			);
			name = Frameworks;
			sourceTree = "<group>";
		};
		6003F593195388D20070C39A /* JVTransitionAnimator */ = {
			isa = PBXGroup;
			children = (
				3CC6A6D51AE8A25F0011CDD2 /* JVTouchEventsWindow */,
				6003F59C195388D20070C39A /* JVAppDelegate.h */,
				6003F59D195388D20070C39A /* JVAppDelegate.m */,
				3CFB23BB1B05940B00B5533C /* ViewControllers */,
				3CFB23BC1B05943100B5533C /* Helper */,
				6003F59F195388D20070C39A /* Main_iPhone.storyboard */,
				6003F5A2195388D20070C39A /* Main_iPad.storyboard */,
				6003F5A8195388D20070C39A /* Images.xcassets */,
				3CED99E81AE7E7C300EFD8F5 /* Images */,
				6003F594195388D20070C39A /* Supporting Files */,
			);
			path = JVTransitionAnimator;
			sourceTree = SOURCE_ROOT;
		};
		6003F594195388D20070C39A /* Supporting Files */ = {
			isa = PBXGroup;
			children = (
				6003F595195388D20070C39A /* JVTransitionAnimator-Info.plist */,
				6003F596195388D20070C39A /* InfoPlist.strings */,
				6003F599195388D20070C39A /* main.m */,
				6003F59B195388D20070C39A /* JVTransitionAnimator-Prefix.pch */,
			);
			name = "Supporting Files";
			sourceTree = "<group>";
		};
		6003F5B5195388D20070C39A /* Tests */ = {
			isa = PBXGroup;
			children = (
				6003F5BB195388D20070C39A /* Tests.m */,
				6003F5B6195388D20070C39A /* Supporting Files */,
			);
			path = Tests;
			sourceTree = "<group>";
		};
		6003F5B6195388D20070C39A /* Supporting Files */ = {
			isa = PBXGroup;
			children = (
				6003F5B7195388D20070C39A /* Tests-Info.plist */,
				6003F5B8195388D20070C39A /* InfoPlist.strings */,
				606FC2411953D9B200FFA9A0 /* Tests-Prefix.pch */,
			);
			name = "Supporting Files";
			sourceTree = "<group>";
		};
		60FF7A9C1954A5C5007DD14C /* Podspec Metadata */ = {
			isa = PBXGroup;
			children = (
				3C7685981AE970F200448604 /* JVTransitionAnimator.podspec */,
				5E6AD8F309A117E84A027E58 /* README.md */,
				8CE67E09D9219B77E4374E0C /* LICENSE */,
			);
			name = "Podspec Metadata";
			sourceTree = "<group>";
		};
		C135BE412D3BFC48EDE29650 /* Pods */ = {
			isa = PBXGroup;
			children = (
				99D87C4CD7882D12A10AE500 /* Pods-JVTransitionAnimtor.debug.xcconfig */,
				392DC3D9B548EA0914BC21A4 /* Pods-JVTransitionAnimtor.release.xcconfig */,
				CA9C9C88E666E0B6872CE0FB /* Pods-Tests.debug.xcconfig */,
				6E3733921322EDC9DC26FA4C /* Pods-Tests.release.xcconfig */,
				6D9BA7B951CBED822750EDFB /* Pods-JVTransitionAnimator.debug.xcconfig */,
				EFD922A93BB1565C125526EF /* Pods-JVTransitionAnimator.release.xcconfig */,
			);
			name = Pods;
			sourceTree = "<group>";
		};
/* End PBXGroup section */

/* Begin PBXNativeTarget section */
		6003F589195388D20070C39A /* JVTransitionAnimator */ = {
			isa = PBXNativeTarget;
			buildConfigurationList = 6003F5BF195388D20070C39A /* Build configuration list for PBXNativeTarget "JVTransitionAnimator" */;
			buildPhases = (
				7D321DEE3A569DE436475697 /* Check Pods Manifest.lock */,
				6003F586195388D20070C39A /* Sources */,
				6003F587195388D20070C39A /* Frameworks */,
				6003F588195388D20070C39A /* Resources */,
				8721139CC7BFD3777BE79F68 /* Copy Pods Resources */,
			);
			buildRules = (
			);
			dependencies = (
			);
			name = JVTransitionAnimator;
			productName = JVTransitionAnimtor;
			productReference = 6003F58A195388D20070C39A /* JVTransitionAnimator.app */;
			productType = "com.apple.product-type.application";
		};
		6003F5AD195388D20070C39A /* Tests */ = {
			isa = PBXNativeTarget;
			buildConfigurationList = 6003F5C2195388D20070C39A /* Build configuration list for PBXNativeTarget "Tests" */;
			buildPhases = (
				8F63E5201024CB8D40071648 /* Check Pods Manifest.lock */,
				6003F5AA195388D20070C39A /* Sources */,
				6003F5AB195388D20070C39A /* Frameworks */,
				6003F5AC195388D20070C39A /* Resources */,
				38E0006E4E31587688F1DC71 /* Copy Pods Resources */,
			);
			buildRules = (
			);
			dependencies = (
				6003F5B4195388D20070C39A /* PBXTargetDependency */,
			);
			name = Tests;
			productName = JVTransitionAnimtorTests;
			productReference = 6003F5AE195388D20070C39A /* Tests.xctest */;
			productType = "com.apple.product-type.bundle.unit-test";
		};
/* End PBXNativeTarget section */

/* Begin PBXProject section */
		6003F582195388D10070C39A /* Project object */ = {
			isa = PBXProject;
			attributes = {
				CLASSPREFIX = JV;
				LastUpgradeCheck = 0510;
				ORGANIZATIONNAME = "Jorge Valbuena";
				TargetAttributes = {
					6003F589195388D20070C39A = {
						DevelopmentTeam = XD9P2BC444;
					};
					6003F5AD195388D20070C39A = {
						TestTargetID = 6003F589195388D20070C39A;
					};
				};
			};
			buildConfigurationList = 6003F585195388D10070C39A /* Build configuration list for PBXProject "JVTransitionAnimator" */;
			compatibilityVersion = "Xcode 3.2";
			developmentRegion = English;
			hasScannedForEncodings = 0;
			knownRegions = (
				en,
				Base,
			);
			mainGroup = 6003F581195388D10070C39A;
			productRefGroup = 6003F58B195388D20070C39A /* Products */;
			projectDirPath = "";
			projectRoot = "";
			targets = (
				6003F589195388D20070C39A /* JVTransitionAnimator */,
				6003F5AD195388D20070C39A /* Tests */,
			);
		};
/* End PBXProject section */

/* Begin PBXResourcesBuildPhase section */
		6003F588195388D20070C39A /* Resources */ = {
			isa = PBXResourcesBuildPhase;
			buildActionMask = 2147483647;
			files = (
				3CED99E91AE7E7C300EFD8F5 /* Images in Resources */,
				6003F5A4195388D20070C39A /* Main_iPad.storyboard in Resources */,
				3CC6A6E21AE8A2C50011CDD2 /* JVTouchImage@2x.png in Resources */,
				6003F5A9195388D20070C39A /* Images.xcassets in Resources */,
				3CC6A6E11AE8A2C50011CDD2 /* JVTouchImage.png in Resources */,
				6003F5A1195388D20070C39A /* Main_iPhone.storyboard in Resources */,
				3C7685991AE970F200448604 /* JVTransitionAnimator.podspec in Resources */,
				6003F598195388D20070C39A /* InfoPlist.strings in Resources */,
			);
			runOnlyForDeploymentPostprocessing = 0;
		};
		6003F5AC195388D20070C39A /* Resources */ = {
			isa = PBXResourcesBuildPhase;
			buildActionMask = 2147483647;
			files = (
				6003F5BA195388D20070C39A /* InfoPlist.strings in Resources */,
			);
			runOnlyForDeploymentPostprocessing = 0;
		};
/* End PBXResourcesBuildPhase section */

/* Begin PBXShellScriptBuildPhase section */
		38E0006E4E31587688F1DC71 /* Copy Pods Resources */ = {
			isa = PBXShellScriptBuildPhase;
			buildActionMask = 2147483647;
			files = (
			);
			inputPaths = (
			);
			name = "Copy Pods Resources";
			outputPaths = (
			);
			runOnlyForDeploymentPostprocessing = 0;
			shellPath = /bin/sh;
			shellScript = "\"${SRCROOT}/Pods/Target Support Files/Pods-Tests/Pods-Tests-resources.sh\"\n";
			showEnvVarsInLog = 0;
		};
		7D321DEE3A569DE436475697 /* Check Pods Manifest.lock */ = {
			isa = PBXShellScriptBuildPhase;
			buildActionMask = 2147483647;
			files = (
			);
			inputPaths = (
			);
			name = "Check Pods Manifest.lock";
			outputPaths = (
			);
			runOnlyForDeploymentPostprocessing = 0;
			shellPath = /bin/sh;
			shellScript = "diff \"${PODS_ROOT}/../Podfile.lock\" \"${PODS_ROOT}/Manifest.lock\" > /dev/null\nif [[ $? != 0 ]] ; then\n    cat << EOM\nerror: The sandbox is not in sync with the Podfile.lock. Run 'pod install' or update your CocoaPods installation.\nEOM\n    exit 1\nfi\n";
			showEnvVarsInLog = 0;
		};
		8721139CC7BFD3777BE79F68 /* Copy Pods Resources */ = {
			isa = PBXShellScriptBuildPhase;
			buildActionMask = 2147483647;
			files = (
			);
			inputPaths = (
			);
			name = "Copy Pods Resources";
			outputPaths = (
			);
			runOnlyForDeploymentPostprocessing = 0;
			shellPath = /bin/sh;
			shellScript = "\"${SRCROOT}/Pods/Target Support Files/Pods-JVTransitionAnimator/Pods-JVTransitionAnimator-resources.sh\"\n";
			showEnvVarsInLog = 0;
		};
		8F63E5201024CB8D40071648 /* Check Pods Manifest.lock */ = {
			isa = PBXShellScriptBuildPhase;
			buildActionMask = 2147483647;
			files = (
			);
			inputPaths = (
			);
			name = "Check Pods Manifest.lock";
			outputPaths = (
			);
			runOnlyForDeploymentPostprocessing = 0;
			shellPath = /bin/sh;
			shellScript = "diff \"${PODS_ROOT}/../Podfile.lock\" \"${PODS_ROOT}/Manifest.lock\" > /dev/null\nif [[ $? != 0 ]] ; then\n    cat << EOM\nerror: The sandbox is not in sync with the Podfile.lock. Run 'pod install' or update your CocoaPods installation.\nEOM\n    exit 1\nfi\n";
			showEnvVarsInLog = 0;
		};
/* End PBXShellScriptBuildPhase section */

/* Begin PBXSourcesBuildPhase section */
		6003F586195388D20070C39A /* Sources */ = {
			isa = PBXSourcesBuildPhase;
			buildActionMask = 2147483647;
			files = (
				3CC6A6DE1AE8A2900011CDD2 /* JVTouchImageViewQueue.m in Sources */,
				3CC6A6DD1AE8A2900011CDD2 /* JVTouchHelper.m in Sources */,
				3C128BB01AE601C4001B0B0F /* JVAppHelper.m in Sources */,
				6003F59E195388D20070C39A /* JVAppDelegate.m in Sources */,
				6003F5A7195388D20070C39A /* JVViewController.m in Sources */,
				3C128BAD1AE6019A001B0B0F /* JVSecondViewController.m in Sources */,
				3CC6A6DC1AE8A2900011CDD2 /* JVTouchEventsWindow.m in Sources */,
				6003F59A195388D20070C39A /* main.m in Sources */,
			);
			runOnlyForDeploymentPostprocessing = 0;
		};
		6003F5AA195388D20070C39A /* Sources */ = {
			isa = PBXSourcesBuildPhase;
			buildActionMask = 2147483647;
			files = (
				6003F5BC195388D20070C39A /* Tests.m in Sources */,
			);
			runOnlyForDeploymentPostprocessing = 0;
		};
/* End PBXSourcesBuildPhase section */

/* Begin PBXTargetDependency section */
		6003F5B4195388D20070C39A /* PBXTargetDependency */ = {
			isa = PBXTargetDependency;
			target = 6003F589195388D20070C39A /* JVTransitionAnimator */;
			targetProxy = 6003F5B3195388D20070C39A /* PBXContainerItemProxy */;
		};
/* End PBXTargetDependency section */

/* Begin PBXVariantGroup section */
		6003F596195388D20070C39A /* InfoPlist.strings */ = {
			isa = PBXVariantGroup;
			children = (
				6003F597195388D20070C39A /* en */,
				3C988A311AE97FB400AD1A25 /* Base */,
			);
			name = InfoPlist.strings;
			sourceTree = "<group>";
		};
		6003F59F195388D20070C39A /* Main_iPhone.storyboard */ = {
			isa = PBXVariantGroup;
			children = (
				6003F5A0195388D20070C39A /* Base */,
			);
			name = Main_iPhone.storyboard;
			sourceTree = "<group>";
		};
		6003F5A2195388D20070C39A /* Main_iPad.storyboard */ = {
			isa = PBXVariantGroup;
			children = (
				6003F5A3195388D20070C39A /* Base */,
			);
			name = Main_iPad.storyboard;
			sourceTree = "<group>";
		};
		6003F5B8195388D20070C39A /* InfoPlist.strings */ = {
			isa = PBXVariantGroup;
			children = (
				6003F5B9195388D20070C39A /* en */,
			);
			name = InfoPlist.strings;
			sourceTree = "<group>";
		};
/* End PBXVariantGroup section */

/* Begin XCBuildConfiguration section */
		6003F5BD195388D20070C39A /* Debug */ = {
			isa = XCBuildConfiguration;
			buildSettings = {
				ALWAYS_SEARCH_USER_PATHS = NO;
				CLANG_CXX_LANGUAGE_STANDARD = "gnu++0x";
				CLANG_CXX_LIBRARY = "libc++";
				CLANG_ENABLE_MODULES = YES;
				CLANG_ENABLE_OBJC_ARC = YES;
				CLANG_WARN_BOOL_CONVERSION = YES;
				CLANG_WARN_CONSTANT_CONVERSION = YES;
				CLANG_WARN_DIRECT_OBJC_ISA_USAGE = YES_ERROR;
				CLANG_WARN_EMPTY_BODY = YES;
				CLANG_WARN_ENUM_CONVERSION = YES;
				CLANG_WARN_INT_CONVERSION = YES;
				CLANG_WARN_OBJC_ROOT_CLASS = YES_ERROR;
				CLANG_WARN__DUPLICATE_METHOD_MATCH = YES;
				"CODE_SIGN_IDENTITY[sdk=iphoneos*]" = "iPhone Developer";
				COPY_PHASE_STRIP = NO;
				GCC_C_LANGUAGE_STANDARD = gnu99;
				GCC_DYNAMIC_NO_PIC = NO;
				GCC_OPTIMIZATION_LEVEL = 0;
				GCC_PREPROCESSOR_DEFINITIONS = (
					"DEBUG=1",
					"$(inherited)",
				);
				GCC_SYMBOLS_PRIVATE_EXTERN = NO;
				GCC_WARN_64_TO_32_BIT_CONVERSION = YES;
				GCC_WARN_ABOUT_RETURN_TYPE = YES_ERROR;
				GCC_WARN_UNDECLARED_SELECTOR = YES;
				GCC_WARN_UNINITIALIZED_AUTOS = YES_AGGRESSIVE;
				GCC_WARN_UNUSED_FUNCTION = YES;
				GCC_WARN_UNUSED_VARIABLE = YES;
				IPHONEOS_DEPLOYMENT_TARGET = 7.1;
				ONLY_ACTIVE_ARCH = YES;
				SDKROOT = iphoneos;
				TARGETED_DEVICE_FAMILY = "1,2";
			};
			name = Debug;
		};
		6003F5BE195388D20070C39A /* Release */ = {
			isa = XCBuildConfiguration;
			buildSettings = {
				ALWAYS_SEARCH_USER_PATHS = NO;
				CLANG_CXX_LANGUAGE_STANDARD = "gnu++0x";
				CLANG_CXX_LIBRARY = "libc++";
				CLANG_ENABLE_MODULES = YES;
				CLANG_ENABLE_OBJC_ARC = YES;
				CLANG_WARN_BOOL_CONVERSION = YES;
				CLANG_WARN_CONSTANT_CONVERSION = YES;
				CLANG_WARN_DIRECT_OBJC_ISA_USAGE = YES_ERROR;
				CLANG_WARN_EMPTY_BODY = YES;
				CLANG_WARN_ENUM_CONVERSION = YES;
				CLANG_WARN_INT_CONVERSION = YES;
				CLANG_WARN_OBJC_ROOT_CLASS = YES_ERROR;
				CLANG_WARN__DUPLICATE_METHOD_MATCH = YES;
				"CODE_SIGN_IDENTITY[sdk=iphoneos*]" = "iPhone Developer";
				COPY_PHASE_STRIP = YES;
				ENABLE_NS_ASSERTIONS = NO;
				GCC_C_LANGUAGE_STANDARD = gnu99;
				GCC_WARN_64_TO_32_BIT_CONVERSION = YES;
				GCC_WARN_ABOUT_RETURN_TYPE = YES_ERROR;
				GCC_WARN_UNDECLARED_SELECTOR = YES;
				GCC_WARN_UNINITIALIZED_AUTOS = YES_AGGRESSIVE;
				GCC_WARN_UNUSED_FUNCTION = YES;
				GCC_WARN_UNUSED_VARIABLE = YES;
				IPHONEOS_DEPLOYMENT_TARGET = 7.1;
				SDKROOT = iphoneos;
				TARGETED_DEVICE_FAMILY = "1,2";
				VALIDATE_PRODUCT = YES;
			};
			name = Release;
		};
		6003F5C0195388D20070C39A /* Debug */ = {
			isa = XCBuildConfiguration;
			baseConfigurationReference = 6D9BA7B951CBED822750EDFB /* Pods-JVTransitionAnimator.debug.xcconfig */;
			buildSettings = {
				ASSETCATALOG_COMPILER_APPICON_NAME = AppIcon;
				ASSETCATALOG_COMPILER_LAUNCHIMAGE_NAME = LaunchImage;
				CODE_SIGN_IDENTITY = "iPhone Developer";
				"CODE_SIGN_IDENTITY[sdk=iphoneos*]" = "iPhone Developer";
				GCC_PRECOMPILE_PREFIX_HEADER = YES;
				GCC_PREFIX_HEADER = "JVTransitionAnimator/JVTransitionAnimator-Prefix.pch";
				INFOPLIST_FILE = "$(SRCROOT)/JVTransitionAnimator/JVTransitionAnimator-Info.plist";
				IPHONEOS_DEPLOYMENT_TARGET = 8.0;
				LIBRARY_SEARCH_PATHS = "$(inherited)";
				PRODUCT_NAME = JVTransitionAnimator;
				PROVISIONING_PROFILE = "";
				WRAPPER_EXTENSION = app;
			};
			name = Debug;
		};
		6003F5C1195388D20070C39A /* Release */ = {
			isa = XCBuildConfiguration;
			baseConfigurationReference = EFD922A93BB1565C125526EF /* Pods-JVTransitionAnimator.release.xcconfig */;
			buildSettings = {
				ASSETCATALOG_COMPILER_APPICON_NAME = AppIcon;
				ASSETCATALOG_COMPILER_LAUNCHIMAGE_NAME = LaunchImage;
				CODE_SIGN_IDENTITY = "iPhone Developer";
				"CODE_SIGN_IDENTITY[sdk=iphoneos*]" = "iPhone Developer";
				GCC_PRECOMPILE_PREFIX_HEADER = YES;
				GCC_PREFIX_HEADER = "JVTransitionAnimator/JVTransitionAnimator-Prefix.pch";
				INFOPLIST_FILE = "$(SRCROOT)/JVTransitionAnimator/JVTransitionAnimator-Info.plist";
				IPHONEOS_DEPLOYMENT_TARGET = 8.0;
				LIBRARY_SEARCH_PATHS = "$(inherited)";
				PRODUCT_NAME = JVTransitionAnimator;
				PROVISIONING_PROFILE = "";
				WRAPPER_EXTENSION = app;
			};
			name = Release;
		};
		6003F5C3195388D20070C39A /* Debug */ = {
			isa = XCBuildConfiguration;
			baseConfigurationReference = CA9C9C88E666E0B6872CE0FB /* Pods-Tests.debug.xcconfig */;
			buildSettings = {
				BUNDLE_LOADER = "$(BUILT_PRODUCTS_DIR)/JVTransitionAnimator.app/JVTransitionAnimator";
				FRAMEWORK_SEARCH_PATHS = (
					"$(SDKROOT)/Developer/Library/Frameworks",
					"$(inherited)",
					"$(DEVELOPER_FRAMEWORKS_DIR)",
				);
				GCC_PRECOMPILE_PREFIX_HEADER = YES;
				GCC_PREFIX_HEADER = "Tests/Tests-Prefix.pch";
				GCC_PREPROCESSOR_DEFINITIONS = (
					"DEBUG=1",
					"$(inherited)",
				);
				INFOPLIST_FILE = "Tests/Tests-Info.plist";
				PRODUCT_NAME = "$(TARGET_NAME)";
				TEST_HOST = "$(BUNDLE_LOADER)";
				WRAPPER_EXTENSION = xctest;
			};
			name = Debug;
		};
		6003F5C4195388D20070C39A /* Release */ = {
			isa = XCBuildConfiguration;
			baseConfigurationReference = 6E3733921322EDC9DC26FA4C /* Pods-Tests.release.xcconfig */;
			buildSettings = {
				BUNDLE_LOADER = "$(BUILT_PRODUCTS_DIR)/JVTransitionAnimator.app/JVTransitionAnimator";
				FRAMEWORK_SEARCH_PATHS = (
					"$(SDKROOT)/Developer/Library/Frameworks",
					"$(inherited)",
					"$(DEVELOPER_FRAMEWORKS_DIR)",
				);
				GCC_PRECOMPILE_PREFIX_HEADER = YES;
				GCC_PREFIX_HEADER = "Tests/Tests-Prefix.pch";
				INFOPLIST_FILE = "Tests/Tests-Info.plist";
				PRODUCT_NAME = "$(TARGET_NAME)";
				TEST_HOST = "$(BUNDLE_LOADER)";
				WRAPPER_EXTENSION = xctest;
			};
			name = Release;
		};
/* End XCBuildConfiguration section */

/* Begin XCConfigurationList section */
		6003F585195388D10070C39A /* Build configuration list for PBXProject "JVTransitionAnimator" */ = {
			isa = XCConfigurationList;
			buildConfigurations = (
				6003F5BD195388D20070C39A /* Debug */,
				6003F5BE195388D20070C39A /* Release */,
			);
			defaultConfigurationIsVisible = 0;
			defaultConfigurationName = Release;
		};
		6003F5BF195388D20070C39A /* Build configuration list for PBXNativeTarget "JVTransitionAnimator" */ = {
			isa = XCConfigurationList;
			buildConfigurations = (
				6003F5C0195388D20070C39A /* Debug */,
				6003F5C1195388D20070C39A /* Release */,
			);
			defaultConfigurationIsVisible = 0;
			defaultConfigurationName = Release;
		};
		6003F5C2195388D20070C39A /* Build configuration list for PBXNativeTarget "Tests" */ = {
			isa = XCConfigurationList;
			buildConfigurations = (
				6003F5C3195388D20070C39A /* Debug */,
				6003F5C4195388D20070C39A /* Release */,
			);
			defaultConfigurationIsVisible = 0;
			defaultConfigurationName = Release;
		};
/* End XCConfigurationList section */
	};
	rootObject = 6003F582195388D10070C39A /* Project object */;
}
